
Microsoft Visual Studio Solution File, Format Version 12.00
# Visual Studio Version 16
VisualStudioVersion = 16.0.30907.101
MinimumVisualStudioVersion = 10.0.40219.1
Project("{FAE04EC0-301F-11D3-BF4B-00C04F79EFBC}") = "Registration", "Registration\Registration.csproj", "{48635872-A34E-4802-83DE-F5948699EAB5}"
EndProject
Global
	GlobalSection(SolutionConfigurationPlatforms) = preSolution
		Debug|Any CPU = Debug|Any CPU
		Release|Any CPU = Release|Any CPU
	EndGlobalSection
	GlobalSection(ProjectConfigurationPlatforms) = postSolution
		{48635872-A34E-4802-83DE-F5948699EAB5}.Debug|Any CPU.ActiveCfg = Debug|Any CPU
		{48635872-A34E-4802-83DE-F5948699EAB5}.Debug|Any CPU.Build.0 = Debug|Any CPU
		{48635872-A34E-4802-83DE-F5948699EAB5}.Release|Any CPU.ActiveCfg = Release|Any CPU
		{48635872-A34E-4802-83DE-F5948699EAB5}.Release|Any CPU.Build.0 = Release|Any CPU
	EndGlobalSection
	GlobalSection(SolutionProperties) = preSolution
		HideSolutionNode = FALSE
	EndGlobalSection
	GlobalSection(ExtensibilityGlobals) = postSolution
		SolutionGuid = {D7EC111A-F575-4512-ACD6-D5560BE059C3}
	EndGlobalSection
EndGlobal
